
Microsoft Visual Studio Solution File, Format Version 12.00
# Visual Studio Version 17
VisualStudioVersion = 17.8.34525.116
MinimumVisualStudioVersion = 10.0.40219.1
Project("{FAE04EC0-301F-11D3-BF4B-00C04F79EFBC}") = "MUGI Cipher", "MUGI Cipher\MUGI Cipher.csproj", "{784DDD4F-20CE-4A9D-ADE3-F34E549D133B}"
EndProject
Global
	GlobalSection(SolutionConfigurationPlatforms) = preSolution
		Debug|Any CPU = Debug|Any CPU
		Release|Any CPU = Release|Any CPU
	EndGlobalSection
	GlobalSection(ProjectConfigurationPlatforms) = postSolution
		{784DDD4F-20CE-4A9D-ADE3-F34E549D133B}.Debug|Any CPU.ActiveCfg = Debug|Any CPU
		{784DDD4F-20CE-4A9D-ADE3-F34E549D133B}.Debug|Any CPU.Build.0 = Debug|Any CPU
		{784DDD4F-20CE-4A9D-ADE3-F34E549D133B}.Release|Any CPU.ActiveCfg = Release|Any CPU
		{784DDD4F-20CE-4A9D-ADE3-F34E549D133B}.Release|Any CPU.Build.0 = Release|Any CPU
	EndGlobalSection
	GlobalSection(SolutionProperties) = preSolution
		HideSolutionNode = FALSE
	EndGlobalSection
	GlobalSection(ExtensibilityGlobals) = postSolution
		SolutionGuid = {0EEDD80B-859B-4B95-A84E-A865A2859FC7}
	EndGlobalSection
EndGlobal
